
Microsoft Visual Studio Solution File, Format Version 12.00
# Visual Studio Version 17
VisualStudioVersion = 17.6.33617.297
MinimumVisualStudioVersion = 10.0.40219.1
Project("{9A19103F-16F7-4668-BE54-9A1E7A4F7556}") = "BulkyWeb", "BulkyWeb\BulkyWeb.csproj", "{EA1900A1-E89C-4C36-840E-CDFC66BF50E5}"
EndProject
Project("{9A19103F-16F7-4668-BE54-9A1E7A4F7556}") = "BulkyWebRazor_Temp", "BulkyWebRazor_Temp\BulkyWebRazor_Temp.csproj", "{F10E8CF8-A4DC-43D1-8AEF-A55DFA92F9BF}"
EndProject
Global
	GlobalSection(SolutionConfigurationPlatforms) = preSolution
		Debug|Any CPU = Debug|Any CPU
		Release|Any CPU = Release|Any CPU
	EndGlobalSection
	GlobalSection(ProjectConfigurationPlatforms) = postSolution
		{EA1900A1-E89C-4C36-840E-CDFC66BF50E5}.Debug|Any CPU.ActiveCfg = Debug|Any CPU
		{EA1900A1-E89C-4C36-840E-CDFC66BF50E5}.Debug|Any CPU.Build.0 = Debug|Any CPU
		{EA1900A1-E89C-4C36-840E-CDFC66BF50E5}.Release|Any CPU.ActiveCfg = Release|Any CPU
		{EA1900A1-E89C-4C36-840E-CDFC66BF50E5}.Release|Any CPU.Build.0 = Release|Any CPU
		{F10E8CF8-A4DC-43D1-8AEF-A55DFA92F9BF}.Debug|Any CPU.ActiveCfg = Debug|Any CPU
		{F10E8CF8-A4DC-43D1-8AEF-A55DFA92F9BF}.Debug|Any CPU.Build.0 = Debug|Any CPU
		{F10E8CF8-A4DC-43D1-8AEF-A55DFA92F9BF}.Release|Any CPU.ActiveCfg = Release|Any CPU
		{F10E8CF8-A4DC-43D1-8AEF-A55DFA92F9BF}.Release|Any CPU.Build.0 = Release|Any CPU
	EndGlobalSection
	GlobalSection(SolutionProperties) = preSolution
		HideSolutionNode = FALSE
	EndGlobalSection
	GlobalSection(ExtensibilityGlobals) = postSolution
		SolutionGuid = {AF548CDA-478A-4A54-B0FE-9F6020E7FB2D}
	EndGlobalSection
EndGlobal
